{
  "nodes": {
    "agenix": {
      "inputs": {
        "darwin": "darwin",
        "home-manager": "home-manager",
        "nixpkgs": "nixpkgs",
        "systems": "systems"
      },
      "locked": {
        "lastModified": 1712079060,
        "narHash": "sha256-/JdiT9t+zzjChc5qQiF+jhrVhRt8figYH29rZO7pFe4=",
        "owner": "ryantm",
        "repo": "agenix",
        "rev": "1381a759b205dff7a6818733118d02253340fd5e",
        "type": "github"
      },
      "original": {
        "owner": "ryantm",
        "repo": "agenix",
        "type": "github"
      }
    },
    "ccrEmacs": {
      "inputs": {
        "emacs-overlay": "emacs-overlay",
        "extra-package-agenix-el": "extra-package-agenix-el",
        "extra-package-chatgpt": "extra-package-chatgpt",
        "extra-package-combobulate": "extra-package-combobulate",
        "extra-package-copilot": "extra-package-copilot",
        "extra-package-indent-bars": "extra-package-indent-bars",
        "extra-package-nix-ts-mode": "extra-package-nix-ts-mode",
        "extra-package-notmuch-notify": "extra-package-notmuch-notify",
        "flake-parts": "flake-parts",
        "hercules-ci-effects": "hercules-ci-effects",
        "nixpkgs": [
          "ccrEmacs",
          "emacs-overlay",
          "nixpkgs"
        ]
      },
      "locked": {
        "lastModified": 1712572393,
        "narHash": "sha256-1rh9Avt4prjMhFl4roOxeoA2wrmHQ+4AdETD57Pb6mo=",
        "ref": "refs/heads/master",
        "rev": "c5bdfd91071fb06261c90655ac56ab61a09aa38c",
        "revCount": 169,
        "type": "git",
        "url": "https://git.aciceri.dev/aciceri/emacs.git"
      },
      "original": {
        "type": "git",
        "url": "https://git.aciceri.dev/aciceri/emacs.git"
      }
    },
    "darwin": {
      "inputs": {
        "nixpkgs": [
          "agenix",
          "nixpkgs"
        ]
      },
      "locked": {
        "lastModified": 1700795494,
        "narHash": "sha256-gzGLZSiOhf155FW7262kdHo2YDeugp3VuIFb4/GGng0=",
        "owner": "lnl7",
        "repo": "nix-darwin",
        "rev": "4b9b83d5a92e8c1fbfd8eb27eda375908c11ec4d",
        "type": "github"
      },
      "original": {
        "owner": "lnl7",
        "ref": "master",
        "repo": "nix-darwin",
        "type": "github"
      }
    },
    "disko": {
      "inputs": {
        "nixpkgs": [
          "nixpkgsUnstable"
        ]
      },
      "locked": {
        "lastModified": 1712612224,
        "narHash": "sha256-Tv4C8OSPVmm4LbpJGLFSODyvJy6DqrisEGPCQdNVOeY=",
        "owner": "nix-community",
        "repo": "disko",
        "rev": "79eab0e82cb126bf4ac170f44af82479f0895ab5",
        "type": "github"
      },
      "original": {
        "owner": "nix-community",
        "repo": "disko",
        "type": "github"
      }
    },
    "dream2nix": {
      "inputs": {
        "nixpkgs": "nixpkgs_4",
        "purescript-overlay": "purescript-overlay",
        "pyproject-nix": "pyproject-nix"
      },
      "locked": {
        "lastModified": 1712643040,
        "narHash": "sha256-4vkxrZnHulJ8r6lewSr7oHjy0le66CxBRSgGr8WR3qg=",
        "owner": "nix-community",
        "repo": "dream2nix",
        "rev": "400032c6303f82b07a09c9784ab5569a51544987",
        "type": "github"
      },
      "original": {
        "owner": "nix-community",
        "repo": "dream2nix",
        "type": "github"
      }
    },
    "emacs-overlay": {
      "inputs": {
        "flake-utils": "flake-utils",
        "nixpkgs": "nixpkgs_2",
        "nixpkgs-stable": "nixpkgs-stable"
      },
      "locked": {
        "lastModified": 1710320774,
        "narHash": "sha256-TrLaYznIzUGy4vIRw4hDDlOKuF/vDD1J49cLtkxvgAI=",
        "owner": "nix-community",
        "repo": "emacs-overlay",
        "rev": "c68aeff603f1b5c4cc7a57b876cf5e7101f2f21c",
        "type": "github"
      },
      "original": {
        "owner": "nix-community",
        "repo": "emacs-overlay",
        "type": "github"
      }
    },
    "extra-package-agenix-el": {
      "flake": false,
      "locked": {
        "lastModified": 1697437470,
        "narHash": "sha256-LEUtB4Et3zOFxnNq7bDZ1j4JDCCdARP3b+FnMp3b0W0=",
        "owner": "t4ccer",
        "repo": "agenix.el",
        "rev": "2ff26a3eb7fe347f45c4ea7ef9751721716144bc",
        "type": "github"
      },
      "original": {
        "owner": "t4ccer",
        "repo": "agenix.el",
        "type": "github"
      }
    },
    "extra-package-chatgpt": {
      "flake": false,
      "locked": {
        "lastModified": 1698792517,
        "narHash": "sha256-sh/O36RN34osWLaNVNM3mWKE7mJUdom/ZrBoO2U+Yr8=",
        "owner": "joshcho",
        "repo": "ChatGPT.el",
        "rev": "51c658aa40a106a4ee3afe4376f5ed3d6024c8a9",
        "type": "github"
      },
      "original": {
        "owner": "joshcho",
        "repo": "ChatGPT.el",
        "type": "github"
      }
    },
    "extra-package-combobulate": {
      "flake": false,
      "locked": {
        "lastModified": 1710175386,
        "narHash": "sha256-rww0/6304xZWTFRo1BVcfSDdXOXtlgmfZOxAoOIjYsk=",
        "owner": "mickeynp",
        "repo": "combobulate",
        "rev": "ee82c568ad639605518f62f82fae4bcc0dfdbb81",
        "type": "github"
      },
      "original": {
        "owner": "mickeynp",
        "repo": "combobulate",
        "type": "github"
      }
    },
    "extra-package-copilot": {
      "flake": false,
      "locked": {
        "lastModified": 1710320315,
        "narHash": "sha256-YY/6vODg2MSPMi+61Ii5aQiDQS5B6YPMP1VP1dDNOLs=",
        "owner": "zerolfx",
        "repo": "copilot.el",
        "rev": "57d5e670786ca8156772c6dcb38e6ff67c5efd62",
        "type": "github"
      },
      "original": {
        "owner": "zerolfx",
        "repo": "copilot.el",
        "type": "github"
      }
    },
    "extra-package-indent-bars": {
      "flake": false,
      "locked": {
        "lastModified": 1710117442,
        "narHash": "sha256-0p3PW2hbzGeUIVkUWow6OWpL3OspbId+yqEPV909g4k=",
        "owner": "jdtsmith",
        "repo": "indent-bars",
        "rev": "4583e3e9f507143cd4241131b77fc5e8b1722bbf",
        "type": "github"
      },
      "original": {
        "owner": "jdtsmith",
        "repo": "indent-bars",
        "type": "github"
      }
    },
    "extra-package-nix-ts-mode": {
      "flake": false,
      "locked": {
        "lastModified": 1705596103,
        "narHash": "sha256-jEUmhfLE7cFan4/PF4qBiEOLsjM3Q4iSDTlM+0CYwZg=",
        "owner": "antifuchs",
        "repo": "nix-ts-mode",
        "rev": "0ef4e663add03d026a1804f57ac7d5453a635b15",
        "type": "github"
      },
      "original": {
        "owner": "antifuchs",
        "ref": "improve-indented-string-indentation",
        "repo": "nix-ts-mode",
        "type": "github"
      }
    },
    "extra-package-notmuch-notify": {
      "flake": false,
      "locked": {
        "lastModified": 1615303739,
        "narHash": "sha256-7REFHQ5+cCK7EGIvs2CnoWu9a7WPxX4W6eFql2nNYP8=",
        "owner": "firmart",
        "repo": "notmuch-notify",
        "rev": "c10012e38b0093bc3a304b90a30dd09c81b3eb75",
        "type": "github"
      },
      "original": {
        "owner": "firmart",
        "repo": "notmuch-notify",
        "type": "github"
      }
    },
    "fan-control": {
      "flake": false,
      "locked": {
        "lastModified": 1669548492,
        "narHash": "sha256-qqPmOEF+r10VGz3izAnHZW6aJk1mOXy9BrpR9FvWSt0=",
        "owner": "pymumu",
        "repo": "fan-control-rock5b",
        "rev": "8419990c6c0f47a3ed0b55255d7e3591cc5fdab9",
        "type": "github"
      },
      "original": {
        "owner": "pymumu",
        "repo": "fan-control-rock5b",
        "type": "github"
      }
    },
    "flake-compat": {
      "flake": false,
      "locked": {
        "lastModified": 1696426674,
        "narHash": "sha256-kvjfFW7WAETZlt09AgDn1MrtKzP7t90Vf7vypd3OL1U=",
        "owner": "edolstra",
        "repo": "flake-compat",
        "rev": "0f9255e01c2351cc7d116c072cb317785dd33b33",
        "type": "github"
      },
      "original": {
        "owner": "edolstra",
        "repo": "flake-compat",
        "type": "github"
      }
    },
    "flake-parts": {
      "inputs": {
        "nixpkgs-lib": "nixpkgs-lib"
      },
      "locked": {
        "lastModified": 1709336216,
        "narHash": "sha256-Dt/wOWeW6Sqm11Yh+2+t0dfEWxoMxGBvv3JpIocFl9E=",
        "owner": "hercules-ci",
        "repo": "flake-parts",
        "rev": "f7b3c975cf067e56e7cda6cb098ebe3fb4d74ca2",
        "type": "github"
      },
      "original": {
        "owner": "hercules-ci",
        "repo": "flake-parts",
        "type": "github"
      }
    },
    "flake-parts_2": {
      "inputs": {
        "nixpkgs-lib": [
          "ccrEmacs",
          "hercules-ci-effects",
          "nixpkgs"
        ]
      },
      "locked": {
        "lastModified": 1709336216,
        "narHash": "sha256-Dt/wOWeW6Sqm11Yh+2+t0dfEWxoMxGBvv3JpIocFl9E=",
        "owner": "hercules-ci",
        "repo": "flake-parts",
        "rev": "f7b3c975cf067e56e7cda6cb098ebe3fb4d74ca2",
        "type": "github"
      },
      "original": {
        "id": "flake-parts",
        "type": "indirect"
      }
    },
    "flake-parts_3": {
      "inputs": {
        "nixpkgs-lib": [
          "hercules-ci-agent",
          "nixpkgs"
        ]
      },
      "locked": {
        "lastModified": 1709336216,
        "narHash": "sha256-Dt/wOWeW6Sqm11Yh+2+t0dfEWxoMxGBvv3JpIocFl9E=",
        "owner": "hercules-ci",
        "repo": "flake-parts",
        "rev": "f7b3c975cf067e56e7cda6cb098ebe3fb4d74ca2",
        "type": "github"
      },
      "original": {
        "owner": "hercules-ci",
        "repo": "flake-parts",
        "type": "github"
      }
    },
    "flake-parts_4": {
      "inputs": {
        "nixpkgs-lib": [
          "hercules-ci-effects",
          "nixpkgs"
        ]
      },
      "locked": {
        "lastModified": 1709336216,
        "narHash": "sha256-Dt/wOWeW6Sqm11Yh+2+t0dfEWxoMxGBvv3JpIocFl9E=",
        "owner": "hercules-ci",
        "repo": "flake-parts",
        "rev": "f7b3c975cf067e56e7cda6cb098ebe3fb4d74ca2",
        "type": "github"
      },
      "original": {
        "id": "flake-parts",
        "type": "indirect"
      }
    },
    "flake-parts_5": {
      "inputs": {
        "nixpkgs-lib": "nixpkgs-lib_3"
      },
      "locked": {
        "lastModified": 1698882062,
        "narHash": "sha256-HkhafUayIqxXyHH1X8d9RDl1M2CkFgZLjKD3MzabiEo=",
        "owner": "hercules-ci",
        "repo": "flake-parts",
        "rev": "8c9fa2545007b49a5db5f650ae91f227672c3877",
        "type": "github"
      },
      "original": {
        "owner": "hercules-ci",
        "repo": "flake-parts",
        "type": "github"
      }
    },
    "flake-parts_6": {
      "inputs": {
        "nixpkgs-lib": "nixpkgs-lib_4"
      },
      "locked": {
        "lastModified": 1701473968,
        "narHash": "sha256-YcVE5emp1qQ8ieHUnxt1wCZCC3ZfAS+SRRWZ2TMda7E=",
        "owner": "hercules-ci",
        "repo": "flake-parts",
        "rev": "34fed993f1674c8d06d58b37ce1e0fe5eebcb9f5",
        "type": "github"
      },
      "original": {
        "owner": "hercules-ci",
        "repo": "flake-parts",
        "type": "github"
      }
    },
    "flake-parts_7": {
      "inputs": {
        "nixpkgs-lib": [
          "nixThePlanet",
          "hercules-ci-effects",
          "nixpkgs"
        ]
      },
      "locked": {
        "lastModified": 1696343447,
        "narHash": "sha256-B2xAZKLkkeRFG5XcHHSXXcP7To9Xzr59KXeZiRf4vdQ=",
        "owner": "hercules-ci",
        "repo": "flake-parts",
        "rev": "c9afaba3dfa4085dbd2ccb38dfade5141e33d9d4",
        "type": "github"
      },
      "original": {
        "id": "flake-parts",
        "type": "indirect"
      }
    },
    "flake-parts_8": {
      "inputs": {
        "nixpkgs-lib": "nixpkgs-lib_5"
      },
      "locked": {
        "lastModified": 1678379998,
        "narHash": "sha256-TZdfNqftHhDuIFwBcN9MUThx5sQXCTeZk9je5byPKRw=",
        "owner": "hercules-ci",
        "repo": "flake-parts",
        "rev": "c13d60b89adea3dc20704c045ec4d50dd964d447",
        "type": "github"
      },
      "original": {
        "owner": "hercules-ci",
        "repo": "flake-parts",
        "type": "github"
      }
    },
    "flake-utils": {
      "inputs": {
        "systems": "systems_2"
      },
      "locked": {
        "lastModified": 1710146030,
        "narHash": "sha256-SZ5L6eA7HJ/nmkzGG7/ISclqe6oZdOZTNoesiInkXPQ=",
        "owner": "numtide",
        "repo": "flake-utils",
        "rev": "b1d9ab70662946ef0850d488da1c9019f3a9752a",
        "type": "github"
      },
      "original": {
        "owner": "numtide",
        "repo": "flake-utils",
        "type": "github"
      }
    },
    "flake-utils_2": {
      "inputs": {
        "systems": "systems_3"
      },
      "locked": {
        "lastModified": 1710146030,
        "narHash": "sha256-SZ5L6eA7HJ/nmkzGG7/ISclqe6oZdOZTNoesiInkXPQ=",
        "owner": "numtide",
        "repo": "flake-utils",
        "rev": "b1d9ab70662946ef0850d488da1c9019f3a9752a",
        "type": "github"
      },
      "original": {
        "owner": "numtide",
        "repo": "flake-utils",
        "type": "github"
      }
    },
    "flakeParts": {
      "inputs": {
        "nixpkgs-lib": "nixpkgs-lib_2"
      },
      "locked": {
        "lastModified": 1712014858,
        "narHash": "sha256-sB4SWl2lX95bExY2gMFG5HIzvva5AVMJd4Igm+GpZNw=",
        "owner": "hercules-ci",
        "repo": "flake-parts",
        "rev": "9126214d0a59633752a136528f5f3b9aa8565b7d",
        "type": "github"
      },
      "original": {
        "owner": "hercules-ci",
        "repo": "flake-parts",
        "type": "github"
      }
    },
    "gitignore": {
      "inputs": {
        "nixpkgs": [
          "pre-commit-hooks",
          "nixpkgs"
        ]
      },
      "locked": {
        "lastModified": 1709087332,
        "narHash": "sha256-HG2cCnktfHsKV0s4XW83gU3F57gaTljL9KNSuG6bnQs=",
        "owner": "hercules-ci",
        "repo": "gitignore.nix",
        "rev": "637db329424fd7e46cf4185293b9cc8c88c95394",
        "type": "github"
      },
      "original": {
        "owner": "hercules-ci",
        "repo": "gitignore.nix",
        "type": "github"
      }
    },
    "haskell-flake": {
      "locked": {
        "lastModified": 1684780604,
        "narHash": "sha256-2uMZsewmRn7rRtAnnQNw1lj0uZBMh4m6Cs/7dV5YF08=",
        "owner": "srid",
        "repo": "haskell-flake",
        "rev": "74210fa80a49f1b6f67223debdbf1494596ff9f2",
        "type": "github"
      },
      "original": {
        "owner": "srid",
        "ref": "0.3.0",
        "repo": "haskell-flake",
        "type": "github"
      }
    },
    "hercules-ci-agent": {
      "inputs": {
        "flake-parts": "flake-parts_3",
        "haskell-flake": "haskell-flake",
        "nixpkgs": "nixpkgs_5"
      },
      "locked": {
        "lastModified": 1710779311,
        "narHash": "sha256-fDN18WvX4hhlLUdnpSgu/DhfJCjlSTTmk+O0uQntfag=",
        "owner": "hercules-ci",
        "repo": "hercules-ci-agent",
        "rev": "9a031b7c8e376cb46ffcf56aba2350dc6b1dac5b",
        "type": "github"
      },
      "original": {
        "owner": "hercules-ci",
        "repo": "hercules-ci-agent",
        "type": "github"
      }
    },
    "hercules-ci-effects": {
      "inputs": {
        "flake-parts": "flake-parts_2",
        "nixpkgs": "nixpkgs_3"
      },
      "locked": {
        "lastModified": 1710309369,
        "narHash": "sha256-pQo1vDEEyULfvTQeqZixryrDVpGICzGBtj4uIfP4cs0=",
        "owner": "hercules-ci",
        "repo": "hercules-ci-effects",
        "rev": "9cc7ed20043adf381f1b8354c54ba667b527d538",
        "type": "github"
      },
      "original": {
        "owner": "hercules-ci",
        "repo": "hercules-ci-effects",
        "type": "github"
      }
    },
    "hercules-ci-effects_2": {
      "inputs": {
        "flake-parts": "flake-parts_4",
        "nixpkgs": "nixpkgs_6"
      },
      "locked": {
        "lastModified": 1710478346,
        "narHash": "sha256-Xjf8BdnQG0tLhPMlqQdwCIjOp7Teox0DP3N/jjyiGM4=",
        "owner": "hercules-ci",
        "repo": "hercules-ci-effects",
        "rev": "64e7763d72c1e4c1e5e6472640615b6ae2d40fbf",
        "type": "github"
      },
      "original": {
        "owner": "hercules-ci",
        "repo": "hercules-ci-effects",
        "type": "github"
      }
    },
    "hercules-ci-effects_3": {
      "inputs": {
        "flake-parts": "flake-parts_7",
        "nixpkgs": "nixpkgs_7"
      },
      "locked": {
        "lastModified": 1701009247,
        "narHash": "sha256-GuX16rzRze2y7CsewJLTV6qXkXWyEwp6VCZXi8HLruU=",
        "owner": "hercules-ci",
        "repo": "hercules-ci-effects",
        "rev": "31b6cd7569191bfcd0a548575b0e2ef953ed7d09",
        "type": "github"
      },
      "original": {
        "owner": "hercules-ci",
        "repo": "hercules-ci-effects",
        "type": "github"
      }
    },
    "home-manager": {
      "inputs": {
        "nixpkgs": [
          "agenix",
          "nixpkgs"
        ]
      },
      "locked": {
        "lastModified": 1703113217,
        "narHash": "sha256-7ulcXOk63TIT2lVDSExj7XzFx09LpdSAPtvgtM7yQPE=",
        "owner": "nix-community",
        "repo": "home-manager",
        "rev": "3bfaacf46133c037bb356193bd2f1765d9dc82c1",
        "type": "github"
      },
      "original": {
        "owner": "nix-community",
        "repo": "home-manager",
        "type": "github"
      }
    },
    "homeManager": {
      "inputs": {
        "nixpkgs": [
          "nixpkgsUnstable"
        ]
      },
      "locked": {
        "lastModified": 1712645849,
        "narHash": "sha256-67v20E0gH7nvAaMsah2oRIocnxGO25fATUyzQHIywxQ=",
        "owner": "nix-community",
        "repo": "home-manager",
        "rev": "40a99619da804a78a0b166e5c6911108c059c3a8",
        "type": "github"
      },
      "original": {
        "owner": "nix-community",
        "repo": "home-manager",
        "type": "github"
      }
    },
    "homeManagerGitWorkspace": {
      "inputs": {
        "nixpkgs": [
          "nixpkgsUnstable"
        ]
      },
      "locked": {
        "lastModified": 1701465352,
        "narHash": "sha256-CdnQtla6moG29QShXWiuOQmZVAUyByj6kKrvwx5Q4po=",
        "owner": "aciceri",
        "repo": "home-manager",
        "rev": "643cdfc15ba7185afe2f2b94dc46e763b78929ff",
        "type": "github"
      },
      "original": {
        "owner": "aciceri",
        "ref": "git-workspace",
        "repo": "home-manager",
        "type": "github"
      }
    },
    "homeManagerSwayNC": {
      "inputs": {
        "nixpkgs": [
          "nixpkgsUnstable"
        ]
      },
      "locked": {
        "lastModified": 1707140227,
        "narHash": "sha256-jxBa7cOsmYFV14XOqKF87iIxrf966ARucllEoYRVmdE=",
        "owner": "rhoriguchi",
        "repo": "home-manager",
        "rev": "cc5f4fcff60e4b8f3da3ca7743061130262603f2",
        "type": "github"
      },
      "original": {
        "owner": "rhoriguchi",
        "ref": "swaync",
        "repo": "home-manager",
        "type": "github"
      }
    },
    "kernel-src": {
      "flake": false,
      "locked": {
        "lastModified": 1676631659,
        "narHash": "sha256-TjAF7BPSDy5iHSk8byp+vsKop0V+rqrmr+TXLqXLB2M=",
        "owner": "radxa",
        "repo": "kernel",
        "rev": "a9583fb47e9b96c552f458a376207141602c0025",
        "type": "github"
      },
      "original": {
        "owner": "radxa",
        "repo": "kernel",
        "rev": "a9583fb47e9b96c552f458a376207141602c0025",
        "type": "github"
      }
    },
    "nix-fast-build": {
      "inputs": {
        "flake-parts": "flake-parts_5",
        "nixpkgs": [
          "nixpkgsUnstable"
        ],
        "treefmt-nix": "treefmt-nix"
      },
      "locked": {
        "lastModified": 1709911523,
        "narHash": "sha256-XNutwbRI6h57ybeKy0yYupfngWYcfcIqE0b0LgXnyxs=",
        "owner": "Mic92",
        "repo": "nix-fast-build",
        "rev": "692fe3e98f36b60c678d637235271b57910a7f80",
        "type": "github"
      },
      "original": {
        "owner": "Mic92",
        "repo": "nix-fast-build",
        "type": "github"
      }
    },
    "nixDarwin": {
      "inputs": {
        "nixpkgs": [
          "nixpkgsUnstable"
        ]
      },
      "locked": {
        "lastModified": 1711763326,
        "narHash": "sha256-sXcesZWKXFlEQ8oyGHnfk4xc9f2Ip0X/+YZOq3sKviI=",
        "owner": "LnL7",
        "repo": "nix-darwin",
        "rev": "36524adc31566655f2f4d55ad6b875fb5c1a4083",
        "type": "github"
      },
      "original": {
        "owner": "LnL7",
        "repo": "nix-darwin",
        "type": "github"
      }
    },
    "nixThePlanet": {
      "inputs": {
        "flake-parts": "flake-parts_6",
        "hercules-ci-effects": "hercules-ci-effects_3",
        "nixpkgs": [
          "nixpkgsUnstable"
        ],
        "osx-kvm": "osx-kvm"
      },
      "locked": {
        "lastModified": 1708168451,
        "narHash": "sha256-loWlwexnfQGFsEHeJbXpWbnmeDFkBwZB38+4BkUcGhM=",
        "owner": "aciceri",
        "repo": "NixThePlanet",
        "rev": "e8c91035d01f5082ccf30e351dcd993a5b480a72",
        "type": "github"
      },
      "original": {
        "owner": "aciceri",
        "ref": "nix-in-darwin",
        "repo": "NixThePlanet",
        "type": "github"
      }
    },
    "nixosHardware": {
      "locked": {
        "lastModified": 1712566108,
        "narHash": "sha256-c9nT2ZODGqobISP41kUwCQ84Srwg7a/1TmPFQuol2/8=",
        "owner": "NixOS",
        "repo": "nixos-hardware",
        "rev": "1e3b3a35b7083f4152f5a516798cf9b21e686465",
        "type": "github"
      },
      "original": {
        "owner": "NixOS",
        "repo": "nixos-hardware",
        "type": "github"
      }
    },
    "nixpkgs": {
      "locked": {
        "lastModified": 1703013332,
        "narHash": "sha256-+tFNwMvlXLbJZXiMHqYq77z/RfmpfpiI3yjL6o/Zo9M=",
        "owner": "NixOS",
        "repo": "nixpkgs",
        "rev": "54aac082a4d9bb5bbc5c4e899603abfb76a3f6d6",
        "type": "github"
      },
      "original": {
        "owner": "NixOS",
        "ref": "nixos-unstable",
        "repo": "nixpkgs",
        "type": "github"
      }
    },
    "nixpkgs-kernel": {
      "locked": {
        "lastModified": 1656239181,
        "narHash": "sha256-wW1xRFBn376yGloXZ4QzBE4hjipMawpV18Lshd9QSPw=",
        "owner": "nixos",
        "repo": "nixpkgs",
        "rev": "f2537a505d45c31fe5d9c27ea9829b6f4c4e6ac5",
        "type": "github"
      },
      "original": {
        "owner": "nixos",
        "repo": "nixpkgs",
        "rev": "f2537a505d45c31fe5d9c27ea9829b6f4c4e6ac5",
        "type": "github"
      }
    },
    "nixpkgs-lib": {
      "locked": {
        "dir": "lib",
        "lastModified": 1709237383,
        "narHash": "sha256-cy6ArO4k5qTx+l5o+0mL9f5fa86tYUX3ozE1S+Txlds=",
        "owner": "NixOS",
        "repo": "nixpkgs",
        "rev": "1536926ef5621b09bba54035ae2bb6d806d72ac8",
        "type": "github"
      },
      "original": {
        "dir": "lib",
        "owner": "NixOS",
        "ref": "nixos-unstable",
        "repo": "nixpkgs",
        "type": "github"
      }
    },
    "nixpkgs-lib_2": {
      "locked": {
        "dir": "lib",
        "lastModified": 1711703276,
        "narHash": "sha256-iMUFArF0WCatKK6RzfUJknjem0H9m4KgorO/p3Dopkk=",
        "owner": "NixOS",
        "repo": "nixpkgs",
        "rev": "d8fe5e6c92d0d190646fb9f1056741a229980089",
        "type": "github"
      },
      "original": {
        "dir": "lib",
        "owner": "NixOS",
        "ref": "nixos-unstable",
        "repo": "nixpkgs",
        "type": "github"
      }
    },
    "nixpkgs-lib_3": {
      "locked": {
        "dir": "lib",
        "lastModified": 1698611440,
        "narHash": "sha256-jPjHjrerhYDy3q9+s5EAsuhyhuknNfowY6yt6pjn9pc=",
        "owner": "NixOS",
        "repo": "nixpkgs",
        "rev": "0cbe9f69c234a7700596e943bfae7ef27a31b735",
        "type": "github"
      },
      "original": {
        "dir": "lib",
        "owner": "NixOS",
        "ref": "nixos-unstable",
        "repo": "nixpkgs",
        "type": "github"
      }
    },
    "nixpkgs-lib_4": {
      "locked": {
        "dir": "lib",
        "lastModified": 1701253981,
        "narHash": "sha256-ztaDIyZ7HrTAfEEUt9AtTDNoCYxUdSd6NrRHaYOIxtk=",
        "owner": "NixOS",
        "repo": "nixpkgs",
        "rev": "e92039b55bcd58469325ded85d4f58dd5a4eaf58",
        "type": "github"
      },
      "original": {
        "dir": "lib",
        "owner": "NixOS",
        "ref": "nixos-unstable",
        "repo": "nixpkgs",
        "type": "github"
      }
    },
    "nixpkgs-lib_5": {
      "locked": {
        "dir": "lib",
        "lastModified": 1678375444,
        "narHash": "sha256-XIgHfGvjFvZQ8hrkfocanCDxMefc/77rXeHvYdzBMc8=",
        "owner": "NixOS",
        "repo": "nixpkgs",
        "rev": "130fa0baaa2b93ec45523fdcde942f6844ee9f6e",
        "type": "github"
      },
      "original": {
        "dir": "lib",
        "owner": "NixOS",
        "ref": "nixos-unstable",
        "repo": "nixpkgs",
        "type": "github"
      }
    },
    "nixpkgs-stable": {
      "locked": {
        "lastModified": 1710162809,
        "narHash": "sha256-i2R2bcnQp+85de67yjgZVvJhd6rRnJbSYNpGmB6Leb8=",
        "owner": "NixOS",
        "repo": "nixpkgs",
        "rev": "ddcd7598b2184008c97e6c9c6a21c5f37590b8d2",
        "type": "github"
      },
      "original": {
        "owner": "NixOS",
        "ref": "nixos-23.11",
        "repo": "nixpkgs",
        "type": "github"
      }
    },
    "nixpkgsStable": {
      "locked": {
        "lastModified": 1712437997,
        "narHash": "sha256-g0whLLwRvgO2FsyhY8fNk+TWenS3jg5UdlWL4uqgFeo=",
        "owner": "NixOS",
        "repo": "nixpkgs",
        "rev": "e38d7cb66ea4f7a0eb6681920615dfcc30fc2920",
        "type": "github"
      },
      "original": {
        "owner": "NixOS",
        "ref": "nixos-23.11",
        "repo": "nixpkgs",
        "type": "github"
      }
    },
    "nixpkgsUnstable": {
      "locked": {
        "lastModified": 1712439257,
        "narHash": "sha256-aSpiNepFOMk9932HOax0XwNxbA38GOUVOiXfUVPOrck=",
        "owner": "NixOS",
        "repo": "nixpkgs",
        "rev": "ff0dbd94265ac470dda06a657d5fe49de93b4599",
        "type": "github"
      },
      "original": {
        "owner": "NixOS",
        "ref": "nixos-unstable",
        "repo": "nixpkgs",
        "type": "github"
      }
    },
    "nixpkgsUnstableForSisko": {
      "locked": {
        "lastModified": 1708475490,
        "narHash": "sha256-g1v0TsWBQPX97ziznfJdWhgMyMGtoBFs102xSYO4syU=",
        "owner": "NixOS",
        "repo": "nixpkgs",
        "rev": "0e74ca98a74bc7270d28838369593635a5db3260",
        "type": "github"
      },
      "original": {
        "owner": "NixOS",
        "repo": "nixpkgs",
        "rev": "0e74ca98a74bc7270d28838369593635a5db3260",
        "type": "github"
      }
    },
    "nixpkgs_2": {
      "locked": {
        "lastModified": 1710272261,
        "narHash": "sha256-g0bDwXFmTE7uGDOs9HcJsfLFhH7fOsASbAuOzDC+fhQ=",
        "owner": "NixOS",
        "repo": "nixpkgs",
        "rev": "0ad13a6833440b8e238947e47bea7f11071dc2b2",
        "type": "github"
      },
      "original": {
        "owner": "NixOS",
        "ref": "nixos-unstable",
        "repo": "nixpkgs",
        "type": "github"
      }
    },
    "nixpkgs_3": {
      "locked": {
        "lastModified": 1709961763,
        "narHash": "sha256-6H95HGJHhEZtyYA3rIQpvamMKAGoa8Yh2rFV29QnuGw=",
        "owner": "NixOS",
        "repo": "nixpkgs",
        "rev": "3030f185ba6a4bf4f18b87f345f104e6a6961f34",
        "type": "github"
      },
      "original": {
        "owner": "NixOS",
        "ref": "nixos-unstable",
        "repo": "nixpkgs",
        "type": "github"
      }
    },
    "nixpkgs_4": {
      "locked": {
        "lastModified": 1712482522,
        "narHash": "sha256-Ai/xNgZpbwGcw0TSXwEPwwbPi8Iu906sB9M9z3o6UgA=",
        "owner": "NixOS",
        "repo": "nixpkgs",
        "rev": "efe8ce06ca261f370d672def5b1e0be300c726e1",
        "type": "github"
      },
      "original": {
        "owner": "NixOS",
        "ref": "nixpkgs-unstable",
        "repo": "nixpkgs",
        "type": "github"
      }
    },
    "nixpkgs_5": {
      "locked": {
        "lastModified": 1709961763,
        "narHash": "sha256-6H95HGJHhEZtyYA3rIQpvamMKAGoa8Yh2rFV29QnuGw=",
        "owner": "NixOS",
        "repo": "nixpkgs",
        "rev": "3030f185ba6a4bf4f18b87f345f104e6a6961f34",
        "type": "github"
      },
      "original": {
        "owner": "NixOS",
        "ref": "nixos-unstable",
        "repo": "nixpkgs",
        "type": "github"
      }
    },
    "nixpkgs_6": {
      "locked": {
        "lastModified": 1710272261,
        "narHash": "sha256-g0bDwXFmTE7uGDOs9HcJsfLFhH7fOsASbAuOzDC+fhQ=",
        "owner": "NixOS",
        "repo": "nixpkgs",
        "rev": "0ad13a6833440b8e238947e47bea7f11071dc2b2",
        "type": "github"
      },
      "original": {
        "owner": "NixOS",
        "ref": "nixos-unstable",
        "repo": "nixpkgs",
        "type": "github"
      }
    },
    "nixpkgs_7": {
      "locked": {
        "lastModified": 1697723726,
        "narHash": "sha256-SaTWPkI8a5xSHX/rrKzUe+/uVNy6zCGMXgoeMb7T9rg=",
        "owner": "NixOS",
        "repo": "nixpkgs",
        "rev": "7c9cc5a6e5d38010801741ac830a3f8fd667a7a0",
        "type": "github"
      },
      "original": {
        "owner": "NixOS",
        "ref": "nixos-unstable",
        "repo": "nixpkgs",
        "type": "github"
      }
    },
    "nixpkgs_8": {
      "locked": {
        "lastModified": 1678470307,
        "narHash": "sha256-OEeMUr3ueLIXyW/OaFUX5jUdimyQwMg/7e+/Q0gC/QE=",
        "owner": "nixos",
        "repo": "nixpkgs",
        "rev": "0c4800d579af4ed98ecc47d464a5e7b0870c4b1f",
        "type": "github"
      },
      "original": {
        "owner": "nixos",
        "ref": "nixos-unstable",
        "repo": "nixpkgs",
        "type": "github"
      }
    },
    "nur": {
      "locked": {
        "lastModified": 1712651583,
        "narHash": "sha256-ay/PkT9BXOAWqiom3X4HPmEvMc0LfAJ/8dPhTWx19Bg=",
        "owner": "nix-community",
        "repo": "NUR",
        "rev": "60e9974382f3d49aedf9ff07c179faebb1203f73",
        "type": "github"
      },
      "original": {
        "owner": "nix-community",
        "repo": "NUR",
        "type": "github"
      }
    },
    "osx-kvm": {
      "flake": false,
      "locked": {
        "lastModified": 1701316418,
        "narHash": "sha256-Sk8LYhFovoMX1ln7DWYArJQphW2a4h8Xg7/ZEZXwZv4=",
        "owner": "kholia",
        "repo": "OSX-KVM",
        "rev": "09daff670a7eb9ff616073df329586c5995623a9",
        "type": "github"
      },
      "original": {
        "owner": "kholia",
        "repo": "OSX-KVM",
        "type": "github"
      }
    },
    "panfork": {
      "flake": false,
      "locked": {
        "lastModified": 1670633863,
        "narHash": "sha256-4eZHMiYS+sRDHNBtLZTA8ELZnLns7yT3USU5YQswxQ0=",
        "owner": "panfork",
        "repo": "mesa",
        "rev": "120202c675749c5ef81ae4c8cdc30019b4de08f4",
        "type": "gitlab"
      },
      "original": {
        "owner": "panfork",
        "repo": "mesa",
        "type": "gitlab"
      }
    },
    "pre-commit-hooks": {
      "inputs": {
        "flake-compat": "flake-compat",
        "flake-utils": "flake-utils_2",
        "gitignore": "gitignore",
        "nixpkgs": [
          "nixpkgsUnstable"
        ],
        "nixpkgs-stable": [
          "nixpkgsStable"
        ]
      },
      "locked": {
        "lastModified": 1712579741,
        "narHash": "sha256-igpsH+pa6yFwYOdah3cFciCk8gw+ytniG9quf5f/q84=",
        "owner": "cachix",
        "repo": "pre-commit-hooks.nix",
        "rev": "70f504012f0a132ac33e56988e1028d88a48855c",
        "type": "github"
      },
      "original": {
        "owner": "cachix",
        "repo": "pre-commit-hooks.nix",
        "type": "github"
      }
    },
    "purescript-overlay": {
      "inputs": {
        "nixpkgs": [
          "dream2nix",
          "nixpkgs"
        ],
        "slimlock": "slimlock"
      },
      "locked": {
        "lastModified": 1696022621,
        "narHash": "sha256-eMjFmsj2G1E0Q5XiibUNgFjTiSz0GxIeSSzzVdoN730=",
        "owner": "thomashoneyman",
        "repo": "purescript-overlay",
        "rev": "047c7933abd6da8aa239904422e22d190ce55ead",
        "type": "github"
      },
      "original": {
        "owner": "thomashoneyman",
        "repo": "purescript-overlay",
        "type": "github"
      }
    },
    "pyproject-nix": {
      "flake": false,
      "locked": {
        "lastModified": 1702448246,
        "narHash": "sha256-hFg5s/hoJFv7tDpiGvEvXP0UfFvFEDgTdyHIjDVHu1I=",
        "owner": "davhau",
        "repo": "pyproject.nix",
        "rev": "5a06a2697b228c04dd2f35659b4b659ca74f7aeb",
        "type": "github"
      },
      "original": {
        "owner": "davhau",
        "ref": "dream2nix",
        "repo": "pyproject.nix",
        "type": "github"
      }
    },
    "rock5b": {
      "inputs": {
        "fan-control": "fan-control",
        "flake-parts": "flake-parts_8",
        "kernel-src": "kernel-src",
        "nixpkgs": "nixpkgs_8",
        "nixpkgs-kernel": "nixpkgs-kernel",
        "panfork": "panfork",
        "tow-boot": "tow-boot",
        "treefmt-nix": "treefmt-nix_2"
      },
      "locked": {
        "lastModified": 1685695782,
        "narHash": "sha256-zBQFjZhFWsxCA31jI4Ui3l8KhrqQaG0dHi/v/vIvZcM=",
        "owner": "aciceri",
        "repo": "rock5b-nixos",
        "rev": "3868939df4a6d5292077e154c8cb36de1fde4d30",
        "type": "github"
      },
      "original": {
        "owner": "aciceri",
        "repo": "rock5b-nixos",
        "type": "github"
      }
    },
    "root": {
      "inputs": {
        "agenix": "agenix",
        "ccrEmacs": "ccrEmacs",
        "disko": "disko",
        "dream2nix": "dream2nix",
        "flakeParts": "flakeParts",
        "hercules-ci-agent": "hercules-ci-agent",
        "hercules-ci-effects": "hercules-ci-effects_2",
        "homeManager": "homeManager",
        "homeManagerGitWorkspace": "homeManagerGitWorkspace",
        "homeManagerSwayNC": "homeManagerSwayNC",
        "nix-fast-build": "nix-fast-build",
        "nixDarwin": "nixDarwin",
        "nixThePlanet": "nixThePlanet",
        "nixosHardware": "nixosHardware",
        "nixpkgsStable": "nixpkgsStable",
        "nixpkgsUnstable": "nixpkgsUnstable",
        "nixpkgsUnstableForSisko": "nixpkgsUnstableForSisko",
        "nur": "nur",
        "pre-commit-hooks": "pre-commit-hooks",
        "rock5b": "rock5b",
        "treefmt-nix": "treefmt-nix_3"
      }
    },
    "slimlock": {
      "inputs": {
        "nixpkgs": [
          "dream2nix",
          "purescript-overlay",
          "nixpkgs"
        ]
      },
      "locked": {
        "lastModified": 1688610262,
        "narHash": "sha256-Wg0ViDotFWGWqKIQzyYCgayeH8s4U1OZcTiWTQYdAp4=",
        "owner": "thomashoneyman",
        "repo": "slimlock",
        "rev": "b5c6cdcaf636ebbebd0a1f32520929394493f1a6",
        "type": "github"
      },
      "original": {
        "owner": "thomashoneyman",
        "repo": "slimlock",
        "type": "github"
      }
    },
    "systems": {
      "locked": {
        "lastModified": 1681028828,
        "narHash": "sha256-Vy1rq5AaRuLzOxct8nz4T6wlgyUR7zLU309k9mBC768=",
        "owner": "nix-systems",
        "repo": "default",
        "rev": "da67096a3b9bf56a91d16901293e51ba5b49a27e",
        "type": "github"
      },
      "original": {
        "owner": "nix-systems",
        "repo": "default",
        "type": "github"
      }
    },
    "systems_2": {
      "locked": {
        "lastModified": 1681028828,
        "narHash": "sha256-Vy1rq5AaRuLzOxct8nz4T6wlgyUR7zLU309k9mBC768=",
        "owner": "nix-systems",
        "repo": "default",
        "rev": "da67096a3b9bf56a91d16901293e51ba5b49a27e",
        "type": "github"
      },
      "original": {
        "owner": "nix-systems",
        "repo": "default",
        "type": "github"
      }
    },
    "systems_3": {
      "locked": {
        "lastModified": 1681028828,
        "narHash": "sha256-Vy1rq5AaRuLzOxct8nz4T6wlgyUR7zLU309k9mBC768=",
        "owner": "nix-systems",
        "repo": "default",
        "rev": "da67096a3b9bf56a91d16901293e51ba5b49a27e",
        "type": "github"
      },
      "original": {
        "owner": "nix-systems",
        "repo": "default",
        "type": "github"
      }
    },
    "tow-boot": {
      "flake": false,
      "locked": {
        "lastModified": 1677346757,
        "narHash": "sha256-3SKlcZhfUaNz1bd/l/1B3D66NUk3sALVIyP8DHv41SU=",
        "owner": "aciceri",
        "repo": "Tow-Boot",
        "rev": "85d099f3473effdeca409bd165175d64dfb37ecc",
        "type": "github"
      },
      "original": {
        "owner": "aciceri",
        "ref": "rock5b",
        "repo": "Tow-Boot",
        "type": "github"
      }
    },
    "treefmt-nix": {
      "inputs": {
        "nixpkgs": [
          "nix-fast-build",
          "nixpkgs"
        ]
      },
      "locked": {
        "lastModified": 1698438538,
        "narHash": "sha256-AWxaKTDL3MtxaVTVU5lYBvSnlspOS0Fjt8GxBgnU0Do=",
        "owner": "numtide",
        "repo": "treefmt-nix",
        "rev": "5deb8dc125a9f83b65ca86cf0c8167c46593e0b1",
        "type": "github"
      },
      "original": {
        "owner": "numtide",
        "repo": "treefmt-nix",
        "type": "github"
      }
    },
    "treefmt-nix_2": {
      "inputs": {
        "nixpkgs": [
          "rock5b",
          "nixpkgs"
        ]
      },
      "locked": {
        "lastModified": 1678277086,
        "narHash": "sha256-fQ1G72KhLWWf2z+ug9+4ErTEayvlcVQMul0qusKKBgk=",
        "owner": "numtide",
        "repo": "treefmt-nix",
        "rev": "ec39cfa24342fdf0b04ae44592a191c4765f9c74",
        "type": "github"
      },
      "original": {
        "owner": "numtide",
        "repo": "treefmt-nix",
        "type": "github"
      }
    },
    "treefmt-nix_3": {
      "inputs": {
        "nixpkgs": [
          "nixpkgsUnstable"
        ]
      },
      "locked": {
        "lastModified": 1711963903,
        "narHash": "sha256-N3QDhoaX+paWXHbEXZapqd1r95mdshxToGowtjtYkGI=",
        "owner": "numtide",
        "repo": "treefmt-nix",
        "rev": "49dc4a92b02b8e68798abd99184f228243b6e3ac",
        "type": "github"
      },
      "original": {
        "owner": "numtide",
        "repo": "treefmt-nix",
        "type": "github"
      }
    }
  },
  "root": "root",
  "version": 7
}
